
Microsoft Visual Studio Solution File, Format Version 12.00
# Visual Studio Version 17
VisualStudioVersion = 17.8.34309.116
MinimumVisualStudioVersion = 10.0.40219.1
Project("{FAE04EC0-301F-11D3-BF4B-00C04F79EFBC}") = "TriangleUtilities", "TriangleUtilities\TriangleUtilities.csproj", "{EF9882C4-9ACA-49DF-8C85-803328B1E951}"
EndProject
Project("{FAE04EC0-301F-11D3-BF4B-00C04F79EFBC}") = "TriangleUtilities.Tests", "TriangleUtilities.Tests\TriangleUtilities.Tests.csproj", "{E8632C7F-C499-4656-83D3-4DAA71B908C2}"
EndProject
Global
	GlobalSection(SolutionConfigurationPlatforms) = preSolution
		Debug|Any CPU = Debug|Any CPU
		Release|Any CPU = Release|Any CPU
	EndGlobalSection
	GlobalSection(ProjectConfigurationPlatforms) = postSolution
		{EF9882C4-9ACA-49DF-8C85-803328B1E951}.Debug|Any CPU.ActiveCfg = Debug|Any CPU
		{EF9882C4-9ACA-49DF-8C85-803328B1E951}.Debug|Any CPU.Build.0 = Debug|Any CPU
		{EF9882C4-9ACA-49DF-8C85-803328B1E951}.Release|Any CPU.ActiveCfg = Release|Any CPU
		{EF9882C4-9ACA-49DF-8C85-803328B1E951}.Release|Any CPU.Build.0 = Release|Any CPU
		{E8632C7F-C499-4656-83D3-4DAA71B908C2}.Debug|Any CPU.ActiveCfg = Debug|Any CPU
		{E8632C7F-C499-4656-83D3-4DAA71B908C2}.Debug|Any CPU.Build.0 = Debug|Any CPU
		{E8632C7F-C499-4656-83D3-4DAA71B908C2}.Release|Any CPU.ActiveCfg = Release|Any CPU
		{E8632C7F-C499-4656-83D3-4DAA71B908C2}.Release|Any CPU.Build.0 = Release|Any CPU
	EndGlobalSection
	GlobalSection(SolutionProperties) = preSolution
		HideSolutionNode = FALSE
	EndGlobalSection
	GlobalSection(ExtensibilityGlobals) = postSolution
		SolutionGuid = {DED05590-B189-44A2-9517-C298418A8FD6}
	EndGlobalSection
EndGlobal
